
Microsoft Visual Studio Solution File, Format Version 12.00
# Visual Studio Version 17
VisualStudioVersion = 17.6.33723.286
MinimumVisualStudioVersion = 10.0.40219.1
Project("{FAE04EC0-301F-11D3-BF4B-00C04F79EFBC}") = "SantiagoZavatti-2AN", "SantiagoZavatti-2AN\SantiagoZavatti-2AN.csproj", "{941B4C7F-D854-4C6B-BCEB-FC836B1E3DE9}"
EndProject
Global
	GlobalSection(SolutionConfigurationPlatforms) = preSolution
		Debug|Any CPU = Debug|Any CPU
		Release|Any CPU = Release|Any CPU
	EndGlobalSection
	GlobalSection(ProjectConfigurationPlatforms) = postSolution
		{941B4C7F-D854-4C6B-BCEB-FC836B1E3DE9}.Debug|Any CPU.ActiveCfg = Debug|Any CPU
		{941B4C7F-D854-4C6B-BCEB-FC836B1E3DE9}.Debug|Any CPU.Build.0 = Debug|Any CPU
		{941B4C7F-D854-4C6B-BCEB-FC836B1E3DE9}.Release|Any CPU.ActiveCfg = Release|Any CPU
		{941B4C7F-D854-4C6B-BCEB-FC836B1E3DE9}.Release|Any CPU.Build.0 = Release|Any CPU
	EndGlobalSection
	GlobalSection(SolutionProperties) = preSolution
		HideSolutionNode = FALSE
	EndGlobalSection
	GlobalSection(ExtensibilityGlobals) = postSolution
		SolutionGuid = {FFCA70B4-1543-44A5-9D74-01E7277E9CAF}
	EndGlobalSection
EndGlobal
